# THIS IS AN AUTOGENERATED FILE. DO NOT EDIT THIS FILE DIRECTLY.
# yarn lockfile v1


"@aws-crypto/crc32@5.2.0":
  version "5.2.0"
  resolved "https://registry.yarnpkg.com/@aws-crypto/crc32/-/crc32-5.2.0.tgz#cfcc22570949c98c6689cfcbd2d693d36cdae2e1"
  integrity sha512-nLbCWqQNgUiwwtFsen1AdzAtvuLRsQS8rYgMuxCrdKf9kOssamGLuPwyTY9wyYblNr9+1XM8v6zoDTPPSIeANg==
  dependencies:
    "@aws-crypto/util" "^5.2.0"
    "@aws-sdk/types" "^3.222.0"
    tslib "^2.6.2"

"@aws-crypto/sha256-browser@5.2.0":
  version "5.2.0"
  resolved "https://registry.yarnpkg.com/@aws-crypto/sha256-browser/-/sha256-browser-5.2.0.tgz#153895ef1dba6f9fce38af550e0ef58988eb649e"
  integrity sha512-AXfN/lGotSQwu6HNcEsIASo7kWXZ5HYWvfOmSNKDsEqC4OashTp8alTmaz+F7TC2L083SFv5RdB+qU3Vs1kZqw==
  dependencies:
    "@aws-crypto/sha256-js" "^5.2.0"
    "@aws-crypto/supports-web-crypto" "^5.2.0"
    "@aws-crypto/util" "^5.2.0"
    "@aws-sdk/types" "^3.222.0"
    "@aws-sdk/util-locate-window" "^3.0.0"
    "@smithy/util-utf8" "^2.0.0"
    tslib "^2.6.2"

"@aws-crypto/sha256-js@5.2.0", "@aws-crypto/sha256-js@^5.2.0":
  version "5.2.0"
  resolved "https://registry.yarnpkg.com/@aws-crypto/sha256-js/-/sha256-js-5.2.0.tgz#c4fdb773fdbed9a664fc1a95724e206cf3860042"
  integrity sha512-FFQQyu7edu4ufvIZ+OadFpHHOt+eSTBaYaki44c+akjg7qZg9oOQeLlk77F6tSYqjDAFClrHJk9tMf0HdVyOvA==
  dependencies:
    "@aws-crypto/util" "^5.2.0"
    "@aws-sdk/types" "^3.222.0"
    tslib "^2.6.2"

"@aws-crypto/supports-web-crypto@^5.2.0":
  version "5.2.0"
  resolved "https://registry.yarnpkg.com/@aws-crypto/supports-web-crypto/-/supports-web-crypto-5.2.0.tgz#a1e399af29269be08e695109aa15da0a07b5b5fb"
  integrity sha512-iAvUotm021kM33eCdNfwIN//F77/IADDSs58i+MDaOqFrVjZo9bAal0NK7HurRuWLLpF1iLX7gbWrjHjeo+YFg==
  dependencies:
    tslib "^2.6.2"

"@aws-crypto/util@^5.2.0":
  version "5.2.0"
  resolved "https://registry.yarnpkg.com/@aws-crypto/util/-/util-5.2.0.tgz#71284c9cffe7927ddadac793c14f14886d3876da"
  integrity sha512-4RkU9EsI6ZpBve5fseQlGNUWKMa1RLPQ1dnjnQoe07ldfIzcsGb5hC5W0Dm7u423KWzawlrpbjXBrXCEv9zazQ==
  dependencies:
    "@aws-sdk/types" "^3.222.0"
    "@smithy/util-utf8" "^2.0.0"
    tslib "^2.6.2"

"@aws-sdk/client-cloudwatch@^3.1049.0":
  version "3.1049.0"
  resolved "https://registry.yarnpkg.com/@aws-sdk/client-cloudwatch/-/client-cloudwatch-3.1049.0.tgz#255f3e63485f2e5e74ffd9f726fb4d80bff2c4d8"
  integrity sha512-pxzt53Ch0luCqnSaWNI7vL8MjvF5WFTRV/VzyuHoWOydbaC3RQT2i5DcAW7hjaYQmmRItQnvazTeO+obsBR+4Q==
  dependencies:
    "@aws-crypto/sha256-browser" "5.2.0"
    "@aws-crypto/sha256-js" "5.2.0"
    "@aws-sdk/core" "^3.974.12"
    "@aws-sdk/credential-provider-node" "^3.972.43"
    "@aws-sdk/types" "^3.973.8"
    "@smithy/core" "^3.24.2"
    "@smithy/fetch-http-handler" "^5.4.2"
    "@smithy/middleware-compression" "^4.4.2"
    "@smithy/node-http-handler" "^4.7.2"
    "@smithy/types" "^4.14.1"
    tslib "^2.6.2"

"@aws-sdk/client-eventbridge@^3.1049.0":
  version "3.1049.0"
  resolved "https://registry.yarnpkg.com/@aws-sdk/client-eventbridge/-/client-eventbridge-3.1049.0.tgz#ae17fb4288cb9f718f2bc6966d144549b89eead2"
  integrity sha512-fd1IkPiOeMvPDSEOmZadNGIJobBwVNbPegCwvcLAwj93K0VURiGAPZiVAGc+EIre7GWZ5Zxv5cE8NKwwuWxhCQ==
  dependencies:
    "@aws-crypto/sha256-browser" "5.2.0"
    "@aws-crypto/sha256-js" "5.2.0"
    "@aws-sdk/core" "^3.974.12"
    "@aws-sdk/credential-provider-node" "^3.972.43"
    "@aws-sdk/signature-v4-multi-region" "^3.996.27"
    "@aws-sdk/types" "^3.973.8"
    "@smithy/core" "^3.24.2"
    "@smithy/fetch-http-handler" "^5.4.2"
    "@smithy/node-http-handler" "^4.7.2"
    "@smithy/types" "^4.14.1"
    tslib "^2.6.2"

"@aws-sdk/client-ssm@^3.1049.0":
  version "3.1049.0"
  resolved "https://registry.yarnpkg.com/@aws-sdk/client-ssm/-/client-ssm-3.1049.0.tgz#4f81a71d32e3638126c08cd74ff4e23b095a1c01"
  integrity sha512-xSsmaANuuw/8UZy8rAIuD1z8tJF77p9UfWa+4psuHJDIrOdZLdRwbKNC3iCbvsIDc4v4+LOxaEJec2fdYl88lA==
  dependencies:
    "@aws-crypto/sha256-browser" "5.2.0"
    "@aws-crypto/sha256-js" "5.2.0"
    "@aws-sdk/core" "^3.974.12"
    "@aws-sdk/credential-provider-node" "^3.972.43"
    "@aws-sdk/types" "^3.973.8"
    "@smithy/core" "^3.24.2"
    "@smithy/fetch-http-handler" "^5.4.2"
    "@smithy/node-http-handler" "^4.7.2"
    "@smithy/types" "^4.14.1"
    tslib "^2.6.2"

"@aws-sdk/core@^3.974.12":
  version "3.974.12"
  resolved "https://registry.yarnpkg.com/@aws-sdk/core/-/core-3.974.12.tgz#f0edbb6a6274d7a063ff0f25860d487fd1b5542f"
  integrity sha512-qrqgioqYFjwR6LatVNS1L2Vk++EwRIxqSQXPKNv5Ofux2D8UNgqMQ1znnMyEImXquVPTtbf71fc128pvmU6y9A==
  dependencies:
    "@aws-sdk/types" "^3.973.8"
    "@aws-sdk/xml-builder" "^3.972.24"
    "@aws/lambda-invoke-store" "^0.2.2"
    "@smithy/core" "^3.24.2"
    "@smithy/signature-v4" "^5.4.2"
    "@smithy/types" "^4.14.1"
    bowser "^2.11.0"
    tslib "^2.6.2"

"@aws-sdk/credential-provider-env@^3.972.38":
  version "3.972.38"
  resolved "https://registry.yarnpkg.com/@aws-sdk/credential-provider-env/-/credential-provider-env-3.972.38.tgz#8c48a5259c4d033ce26e9a087bcf480699ab447d"
  integrity sha512-m3WjZEgPtioMhPmwqUt+DhlTJ2i9ufR6DhfkyXojb9puEvfR+ur2U5shavu5/Cc9WHHsDCvALi6UFHgcqjhQ5w==
  dependencies:
    "@aws-sdk/core" "^3.974.12"
    "@aws-sdk/types" "^3.973.8"
    "@smithy/core" "^3.24.2"
    "@smithy/types" "^4.14.1"
    tslib "^2.6.2"

"@aws-sdk/credential-provider-http@^3.972.40":
  version "3.972.40"
  resolved "https://registry.yarnpkg.com/@aws-sdk/credential-provider-http/-/credential-provider-http-3.972.40.tgz#2f850032cff1593e6f0e4a5e4d1ab32ab222b66f"
  integrity sha512-D78L/m2Dr6cJnnSvWoAudPhQmCwmJ7j6APXsPYmFpPaKfQTfCSu0rdm8j14Np+VmXF9z8Aj8HE3xFpsrwtfgeg==
  dependencies:
    "@aws-sdk/core" "^3.974.12"
    "@aws-sdk/types" "^3.973.8"
    "@smithy/core" "^3.24.2"
    "@smithy/fetch-http-handler" "^5.4.2"
    "@smithy/node-http-handler" "^4.7.2"
    "@smithy/types" "^4.14.1"
    tslib "^2.6.2"

"@aws-sdk/credential-provider-ini@^3.972.42":
  version "3.972.42"
  resolved "https://registry.yarnpkg.com/@aws-sdk/credential-provider-ini/-/credential-provider-ini-3.972.42.tgz#a1f459b7c588b05dac2c864189c65d1594124ff8"
  integrity sha512-Mu5ESvFXeinafVM8jTIvRqcvK2Ehj4kz3auT39yUcHwu1Vfxo6xRlmUafdKLW4tusjAJukQwK09sCSMgOm7OKg==
  dependencies:
    "@aws-sdk/core" "^3.974.12"
    "@aws-sdk/credential-provider-env" "^3.972.38"
    "@aws-sdk/credential-provider-http" "^3.972.40"
    "@aws-sdk/credential-provider-login" "^3.972.42"
    "@aws-sdk/credential-provider-process" "^3.972.38"
    "@aws-sdk/credential-provider-sso" "^3.972.42"
    "@aws-sdk/credential-provider-web-identity" "^3.972.42"
    "@aws-sdk/nested-clients" "^3.997.10"
    "@aws-sdk/types" "^3.973.8"
    "@smithy/core" "^3.24.2"
    "@smithy/credential-provider-imds" "^4.3.2"
    "@smithy/types" "^4.14.1"
    tslib "^2.6.2"

"@aws-sdk/credential-provider-login@^3.972.42":
  version "3.972.42"
  resolved "https://registry.yarnpkg.com/@aws-sdk/credential-provider-login/-/credential-provider-login-3.972.42.tgz#e00e28936f0a313304b7baefd66d0aa8a7a7c234"
  integrity sha512-O6WkZga3kf0yqyJYd1dbeJqVhEgJx/x1UaLgtbR+XuL/YP+K5y6QTxQKL7ka9z3jnQASESKGAPnRyt4D5hQrxA==
  dependencies:
    "@aws-sdk/core" "^3.974.12"
    "@aws-sdk/nested-clients" "^3.997.10"
    "@aws-sdk/types" "^3.973.8"
    "@smithy/core" "^3.24.2"
    "@smithy/types" "^4.14.1"
    tslib "^2.6.2"

"@aws-sdk/credential-provider-node@^3.972.43":
  version "3.972.43"
  resolved "https://registry.yarnpkg.com/@aws-sdk/credential-provider-node/-/credential-provider-node-3.972.43.tgz#218dd3bbe37067f5087c85e062a30830ec8cd307"
  integrity sha512-D/DJmbrWRP5BXEO3FH+ar4el+2n6OlGofiud7dQun2jES+AQEJjczenp1jBb4MBN7CpGpS8nsWGQLtuzc9tQbA==
  dependencies:
    "@aws-sdk/credential-provider-env" "^3.972.38"
    "@aws-sdk/credential-provider-http" "^3.972.40"
    "@aws-sdk/credential-provider-ini" "^3.972.42"
    "@aws-sdk/credential-provider-process" "^3.972.38"
    "@aws-sdk/credential-provider-sso" "^3.972.42"
    "@aws-sdk/credential-provider-web-identity" "^3.972.42"
    "@aws-sdk/types" "^3.973.8"
    "@smithy/core" "^3.24.2"
    "@smithy/credential-provider-imds" "^4.3.2"
    "@smithy/types" "^4.14.1"
    tslib "^2.6.2"

"@aws-sdk/credential-provider-process@^3.972.38":
  version "3.972.38"
  resolved "https://registry.yarnpkg.com/@aws-sdk/credential-provider-process/-/credential-provider-process-3.972.38.tgz#16748eb725f19fe2d04d7638428264c3e7e33661"
  integrity sha512-EnbYVajGgbkb24s0K1eo4VNAPV5mHIET7LSvirTaFCwkfrfaOJxtSE+wY/tJdKDS21cEYkZs2ruCaAm+W4iblg==
  dependencies:
    "@aws-sdk/core" "^3.974.12"
    "@aws-sdk/types" "^3.973.8"
    "@smithy/core" "^3.24.2"
    "@smithy/types" "^4.14.1"
    tslib "^2.6.2"

"@aws-sdk/credential-provider-sso@^3.972.42":
  version "3.972.42"
  resolved "https://registry.yarnpkg.com/@aws-sdk/credential-provider-sso/-/credential-provider-sso-3.972.42.tgz#b2c31247c1503ed27bfc32482be204e625d237af"
  integrity sha512-RVV/9NbFwI8ZHEH5dn39lGyFmSbSVj1+orZdr6QsOe1mW9DCglmlen0cFaNZmCcqkqc7erNRHNBduxbeZuHAnw==
  dependencies:
    "@aws-sdk/core" "^3.974.12"
    "@aws-sdk/nested-clients" "^3.997.10"
    "@aws-sdk/token-providers" "3.1049.0"
    "@aws-sdk/types" "^3.973.8"
    "@smithy/core" "^3.24.2"
    "@smithy/types" "^4.14.1"
    tslib "^2.6.2"

"@aws-sdk/credential-provider-web-identity@^3.972.42":
  version "3.972.42"
  resolved "https://registry.yarnpkg.com/@aws-sdk/credential-provider-web-identity/-/credential-provider-web-identity-3.972.42.tgz#c51c2ed7de7392c88fe52800d0d816a0edb87a01"
  integrity sha512-/67fXX0ddllD4u2Nujc5PvT4byHgpMUfz6+RxIKi/0nFIckeorm7JvXgzBuDyVKw0s58EbofmETDWUf9vTEuHQ==
  dependencies:
    "@aws-sdk/core" "^3.974.12"
    "@aws-sdk/nested-clients" "^3.997.10"
    "@aws-sdk/types" "^3.973.8"
    "@smithy/core" "^3.24.2"
    "@smithy/types" "^4.14.1"
    tslib "^2.6.2"

"@aws-sdk/nested-clients@^3.997.10":
  version "3.997.10"
  resolved "https://registry.yarnpkg.com/@aws-sdk/nested-clients/-/nested-clients-3.997.10.tgz#dd011ec08dc57d9e99122eca01cb347ed95019b2"
  integrity sha512-FtQ/Bt327peZJuyo4WZSOLVUTw9ujRxntepiC7L65FxA2P82Xlq0g14T22BuqBUeMjDoxa9nvwiMHjLIfP3eUg==
  dependencies:
    "@aws-crypto/sha256-browser" "5.2.0"
    "@aws-crypto/sha256-js" "5.2.0"
    "@aws-sdk/core" "^3.974.12"
    "@aws-sdk/signature-v4-multi-region" "^3.996.27"
    "@aws-sdk/types" "^3.973.8"
    "@smithy/core" "^3.24.2"
    "@smithy/fetch-http-handler" "^5.4.2"
    "@smithy/node-http-handler" "^4.7.2"
    "@smithy/types" "^4.14.1"
    tslib "^2.6.2"

"@aws-sdk/signature-v4-multi-region@^3.996.27":
  version "3.996.27"
  resolved "https://registry.yarnpkg.com/@aws-sdk/signature-v4-multi-region/-/signature-v4-multi-region-3.996.27.tgz#69cca231af7317afbb728417e7e0e84707206a82"
  integrity sha512-0Phbz4t6HI3D3skxvG2uI+VWU034/nSIw1T8d+FPzzQG9EQTrw94o9mOKO2Gv3n3Oc8P7JD7RAUxkoneLWv5Eg==
  dependencies:
    "@aws-sdk/types" "^3.973.8"
    "@smithy/core" "^3.24.2"
    "@smithy/signature-v4" "^5.4.2"
    "@smithy/types" "^4.14.1"
    tslib "^2.6.2"

"@aws-sdk/token-providers@3.1049.0":
  version "3.1049.0"
  resolved "https://registry.yarnpkg.com/@aws-sdk/token-providers/-/token-providers-3.1049.0.tgz#230c0f2b8c89ba0555c471feae83634ac3a27c14"
  integrity sha512-r7+d0lQMTHKypkmaF5jRTBYLYHCUHzt3gaVoN9SidLhQeWhCmHk3AKrboDTpPF5b7Pt7vKu3+oeMjznM2Eu1ow==
  dependencies:
    "@aws-sdk/core" "^3.974.12"
    "@aws-sdk/nested-clients" "^3.997.10"
    "@aws-sdk/types" "^3.973.8"
    "@smithy/core" "^3.24.2"
    "@smithy/types" "^4.14.1"
    tslib "^2.6.2"

"@aws-sdk/types@^3.222.0", "@aws-sdk/types@^3.973.8":
  version "3.973.8"
  resolved "https://registry.yarnpkg.com/@aws-sdk/types/-/types-3.973.8.tgz#7352cb74a5f8bae1218eee63e714cf94302911c5"
  integrity sha512-gjlAdtHMbtR9X5iIhVUvbVcy55KnznpC6bkDUWW9z915bi0ckdUr5cjf16Kp6xq0bP5HBD2xzgbL9F9Quv5vUw==
  dependencies:
    "@smithy/types" "^4.14.1"
    tslib "^2.6.2"

"@aws-sdk/util-locate-window@^3.0.0":
  version "3.693.0"
  resolved "https://registry.yarnpkg.com/@aws-sdk/util-locate-window/-/util-locate-window-3.693.0.tgz#1160f6d055cf074ca198eb8ecf89b6311537ad6c"
  integrity sha512-ttrag6haJLWABhLqtg1Uf+4LgHWIMOVSYL+VYZmAp2v4PUGOwWmWQH0Zk8RM7YuQcLfH/EoR72/Yxz6A4FKcuw==
  dependencies:
    tslib "^2.6.2"

"@aws-sdk/xml-builder@^3.972.24":
  version "3.972.24"
  resolved "https://registry.yarnpkg.com/@aws-sdk/xml-builder/-/xml-builder-3.972.24.tgz#83ae19e48bdb897dff595a5430103dd1b4f7b6ff"
  integrity sha512-V8z5YcDPfsvzrBlj0xR1vhRtocblhYbqdreCJB/voGd4Sr5zjNAeWxexbnqVtskTJe0vFb5KMqbSL++ePl+zRw==
  dependencies:
    "@nodable/entities" "2.1.0"
    "@smithy/types" "^4.14.1"
    fast-xml-parser "5.7.3"
    tslib "^2.6.2"

"@aws/lambda-invoke-store@^0.2.2":
  version "0.2.2"
  resolved "https://registry.yarnpkg.com/@aws/lambda-invoke-store/-/lambda-invoke-store-0.2.2.tgz#b00f7d6aedfe832ef6c84488f3a422cce6a47efa"
  integrity sha512-C0NBLsIqzDIae8HFw9YIrIBsbc0xTiOtt7fAukGPnqQ/+zZNaq+4jhuccltK0QuWHBnNm/a6kLIRA6GFiM10eg==

"@biomejs/biome@*":
  version "2.4.15"
  resolved "https://registry.yarnpkg.com/@biomejs/biome/-/biome-2.4.15.tgz#cb84ad6eb4235e7230b3c105a825e9bc03399944"
  integrity sha512-j5VH3a/h/HXTKBM50MDMxRCzkeLv9S2XJcW2WgnZT1+xyisi+0bISrXR82gCX+8S9lvK0skEvHJRN+3Ktr2hlw==
  optionalDependencies:
    "@biomejs/cli-darwin-arm64" "2.4.15"
    "@biomejs/cli-darwin-x64" "2.4.15"
    "@biomejs/cli-linux-arm64" "2.4.15"
    "@biomejs/cli-linux-arm64-musl" "2.4.15"
    "@biomejs/cli-linux-x64" "2.4.15"
    "@biomejs/cli-linux-x64-musl" "2.4.15"
    "@biomejs/cli-win32-arm64" "2.4.15"
    "@biomejs/cli-win32-x64" "2.4.15"

"@biomejs/cli-darwin-arm64@2.4.15":
  version "2.4.15"
  resolved "https://registry.yarnpkg.com/@biomejs/cli-darwin-arm64/-/cli-darwin-arm64-2.4.15.tgz#3469daa56ac3ff4f16588a120df706381a96f65c"
  integrity sha512-rF3PPqLq1yoST79zaQbDjVJwsuIeci/O+9bgNmC5QpgOqz6aqYuzA4abyAGx+mgyiDXn4A049xAN8gijbuR1Qg==

"@biomejs/cli-darwin-x64@2.4.15":
  version "2.4.15"
  resolved "https://registry.yarnpkg.com/@biomejs/cli-darwin-x64/-/cli-darwin-x64-2.4.15.tgz#0697b81089409635da16682ac1e539165c262006"
  integrity sha512-/5KHXYMfSJs1fNXiX30xFtI8JcCFV6zaVVLxOa0M2sfqBKHkpQhRTv94yxQWxeTY2lzo2OuTlNvPC+hDQt2wcQ==

"@biomejs/cli-linux-arm64-musl@2.4.15":
  version "2.4.15"
  resolved "https://registry.yarnpkg.com/@biomejs/cli-linux-arm64-musl/-/cli-linux-arm64-musl-2.4.15.tgz#c6af054e3732c361e9ad8c44070f909666b5616f"
  integrity sha512-ZPcxznxm0pogHBLZhYntyR3sR+MrZjqJIKEr7ZqVen0Rl+P/4upVmfYXjftizi9RoqZntg33fv/1fbdhbYXpEQ==

"@biomejs/cli-linux-arm64@2.4.15":
  version "2.4.15"
  resolved "https://registry.yarnpkg.com/@biomejs/cli-linux-arm64/-/cli-linux-arm64-2.4.15.tgz#527cef60339649a442d51a9cd129ae9dfe9da926"
  integrity sha512-owaAMZD/T4LrD0ELNCk0Km3qrRHuM0X6EAyVE1FSqGY0rbLoiDLrO4Us2tllm6cAeB2Ioa9C2C08NZPdr8+0Ug==

"@biomejs/cli-linux-x64-musl@2.4.15":
  version "2.4.15"
  resolved "https://registry.yarnpkg.com/@biomejs/cli-linux-x64-musl/-/cli-linux-x64-musl-2.4.15.tgz#b39292ad106c3d5a612bf3c61ba3119f66833013"
  integrity sha512-CNq/9W38SYSH023lfcQ4KKU8K0YX8T//FZUhcgtMMRABDojx5XsMV7jlweAvGSl389wJQB29Qo6Zb/a+jdvt+w==

"@biomejs/cli-linux-x64@2.4.15":
  version "2.4.15"
  resolved "https://registry.yarnpkg.com/@biomejs/cli-linux-x64/-/cli-linux-x64-2.4.15.tgz#7360b7f81ff03ec6d9350bedc76b89f783b0945d"
  integrity sha512-0jj7THz12GbUOLmMibktK6DZjqz2zV64KFxyBtcFTKPiiOIY0a7vns1elpO1dERvxpsZ5ik0oFfz0oGwFde1+g==

"@biomejs/cli-win32-arm64@2.4.15":
  version "2.4.15"
  resolved "https://registry.yarnpkg.com/@biomejs/cli-win32-arm64/-/cli-win32-arm64-2.4.15.tgz#9542aac679174892a9379267e0c0048f8eee4d9f"
  integrity sha512-ouhkYdlhp/1GghEJPdWwD/Vi3gQ1nFxuSpMolWsbq3Lsq3QUR4jl6UdhhscdCugKU5vOEuMiJhvKj66O0OCq+w==

"@biomejs/cli-win32-x64@2.4.15":
  version "2.4.15"
  resolved "https://registry.yarnpkg.com/@biomejs/cli-win32-x64/-/cli-win32-x64-2.4.15.tgz#80288e4eea8f916fc5c876e9a486baadb8de537d"
  integrity sha512-zBrGq5mx5wwpnow4+2BxUvleDM+GNd4sLbPaMapsSLQLD0NGRCquqPBTgN+7XkUteHvj7M+BstuI8tmnV7+HgQ==

"@nodable/entities@2.1.0", "@nodable/entities@^2.1.0":
  version "2.1.0"
  resolved "https://registry.yarnpkg.com/@nodable/entities/-/entities-2.1.0.tgz#f543e5c6446720d4cf9e498a83019dd159973bc2"
  integrity sha512-nyT7T3nbMyBI/lvr6L5TyWbFJAI9FTgVRakNoBqCD+PmID8DzFrrNdLLtHMwMszOtqZa8PAOV24ZqDnQrhQINA==

"@smithy/core@^3.24.2", "@smithy/core@^3.24.3":
  version "3.24.3"
  resolved "https://registry.yarnpkg.com/@smithy/core/-/core-3.24.3.tgz#c9689ce6d64b40eee594a259b4504f1a357f6a54"
  integrity sha512-Ep/7tPamGY8mgESE3LyLKtxJyy6U52WWAqr/3wial47Sj4u3PiIF73AOGI27UyLy9duTkhZbgzodOfLV4TduZg==
  dependencies:
    "@aws-crypto/crc32" "5.2.0"
    "@smithy/types" "^4.14.2"
    tslib "^2.6.2"

"@smithy/credential-provider-imds@^4.3.2":
  version "4.3.3"
  resolved "https://registry.yarnpkg.com/@smithy/credential-provider-imds/-/credential-provider-imds-4.3.3.tgz#bead31aad6bebac48f034016bce77f68f8b2e4ab"
  integrity sha512-I2Bti0DKFo2IJyN28ijCsx51BAumEYR4/1yZ1FXyBygy9MqbnMqCev4JPth/MbpRfBSRAX35hITSnAdJRo1u5w==
  dependencies:
    "@smithy/core" "^3.24.3"
    "@smithy/types" "^4.14.2"
    tslib "^2.6.2"

"@smithy/fetch-http-handler@^5.4.2":
  version "5.4.3"
  resolved "https://registry.yarnpkg.com/@smithy/fetch-http-handler/-/fetch-http-handler-5.4.3.tgz#ad6b505f2b6794c36468e2706ee12c489fa4a4ed"
  integrity sha512-F+DRf8IJazRJgYog2A/yJK7eYVc0rqTlRzO+5ZxjJd4WkZoKz0IJRncf7G6t1pdVT3kryJcwuTFhN1c5m6N47A==
  dependencies:
    "@smithy/core" "^3.24.3"
    "@smithy/types" "^4.14.2"
    tslib "^2.6.2"

"@smithy/is-array-buffer@^2.2.0":
  version "2.2.0"
  resolved "https://registry.yarnpkg.com/@smithy/is-array-buffer/-/is-array-buffer-2.2.0.tgz#f84f0d9f9a36601a9ca9381688bd1b726fd39111"
  integrity sha512-GGP3O9QFD24uGeAXYUjwSTXARoqpZykHadOmA8G5vfJPK0/DC67qa//0qvqrJzL1xc8WQWX7/yc7fwudjPHPhA==
  dependencies:
    tslib "^2.6.2"

"@smithy/middleware-compression@^4.4.2":
  version "4.4.3"
  resolved "https://registry.yarnpkg.com/@smithy/middleware-compression/-/middleware-compression-4.4.3.tgz#0733cfb5b46c337fd91550a2c58f92165a72abb0"
  integrity sha512-IuZ+ebi3OteVFprY33vV7oLfZxRx0YACjoGhex59PX7+sHgG0f75wyb5FZuOZhJoQPnWaDD5piirEwWzyAmb3A==
  dependencies:
    "@smithy/core" "^3.24.3"
    "@smithy/types" "^4.14.2"
    fflate "0.8.1"
    tslib "^2.6.2"

"@smithy/node-http-handler@^4.7.1", "@smithy/node-http-handler@^4.7.2":
  version "4.7.3"
  resolved "https://registry.yarnpkg.com/@smithy/node-http-handler/-/node-http-handler-4.7.3.tgz#ebdfaad62fe4e5bde19824490f9f590d446b746a"
  integrity sha512-/jPhevcTFPMVl6KNjbaI47iOg1zxC7IsnX4PQDGVZKMFceOXtB8IEYaB7a9VvkP/3oC60WzTeKocvSI7vLT0vA==
  dependencies:
    "@smithy/core" "^3.24.3"
    "@smithy/types" "^4.14.2"
    tslib "^2.6.2"

"@smithy/signature-v4@^5.4.2":
  version "5.4.3"
  resolved "https://registry.yarnpkg.com/@smithy/signature-v4/-/signature-v4-5.4.3.tgz#d5bea6e6c32fef6bee0afe6819b9c9551b905103"
  integrity sha512-53+75QuPl6DL+ct6vVEB51FDO5oulXr20TPV46VvJZg76lIlXNWfxi8j+G2V/t0I2qxCBOa3vX/8bmjrpFVo9g==
  dependencies:
    "@smithy/core" "^3.24.3"
    "@smithy/types" "^4.14.2"
    tslib "^2.6.2"

"@smithy/types@^4.14.1", "@smithy/types@^4.14.2":
  version "4.14.2"
  resolved "https://registry.yarnpkg.com/@smithy/types/-/types-4.14.2.tgz#6034ff1e0e52bfb7d744ac371b651a8bf21f30f1"
  integrity sha512-P+otAxbV4CqBybp7EkcJCrig63yE2E7PuNVOmilVMRcx/O+QDzGULTrKsq4DV13gSfak9ObPrWaHl/9bL5YcWw==
  dependencies:
    tslib "^2.6.2"

"@smithy/util-buffer-from@^2.2.0":
  version "2.2.0"
  resolved "https://registry.yarnpkg.com/@smithy/util-buffer-from/-/util-buffer-from-2.2.0.tgz#6fc88585165ec73f8681d426d96de5d402021e4b"
  integrity sha512-IJdWBbTcMQ6DA0gdNhh/BwrLkDR+ADW5Kr1aZmd4k3DIF6ezMV4R2NIAmT08wQJ3yUK82thHWmC/TnK/wpMMIA==
  dependencies:
    "@smithy/is-array-buffer" "^2.2.0"
    tslib "^2.6.2"

"@smithy/util-retry@^4.4.3":
  version "4.4.3"
  resolved "https://registry.yarnpkg.com/@smithy/util-retry/-/util-retry-4.4.3.tgz#5aa90a1ada678a877ecc5281c2012d7ad19e866a"
  integrity sha512-8RJXeU5lEhdNfXm4XAuHlf6VtNzd279Z2FJZSR7VaELYCR46ffgjJBSjc+3UAy7V1YqBOLV0G9gWhLB/nA44nA==
  dependencies:
    "@smithy/core" "^3.24.3"
    tslib "^2.6.2"

"@smithy/util-utf8@^2.0.0":
  version "2.3.0"
  resolved "https://registry.yarnpkg.com/@smithy/util-utf8/-/util-utf8-2.3.0.tgz#dd96d7640363259924a214313c3cf16e7dd329c5"
  integrity sha512-R8Rdn8Hy72KKcebgLiv8jQcQkXoLMOGGv5uI1/k0l+snqkOzQ1R0ChUBCxWMlBsFMekWjq0wRudIweFs7sKT5A==
  dependencies:
    "@smithy/util-buffer-from" "^2.2.0"
    tslib "^2.6.2"

"@types/aws-lambda@*":
  version "8.10.161"
  resolved "https://registry.yarnpkg.com/@types/aws-lambda/-/aws-lambda-8.10.161.tgz#36d95723ec46d3d555bf0684f83cf4d4369a28ad"
  integrity sha512-rUYdp+MQwSFocxIOcSsYSF3YYYC/uUpMbCY/mbO21vGqfrEYvNSoPyKYDj6RhXXpPfS0KstW9RwG3qXh9sL7FQ==

"@types/node@*":
  version "25.9.0"
  resolved "https://registry.yarnpkg.com/@types/node/-/node-25.9.0.tgz#4823e66e0f486bfd8d9019fb445fbbb9e6f77348"
  integrity sha512-AOQwYUNolgy3VosiRqXrACUXTN8nJUtPl7FJXMqZVyxiiCLhQuG3jXKvCS1ALr+Y2OmZhzzLVlYPEqJaiqkaJQ==
  dependencies:
    undici-types ">=7.24.0 <7.24.7"

aws-ssl-profiles@^1.1.2:
  version "1.1.2"
  resolved "https://registry.yarnpkg.com/aws-ssl-profiles/-/aws-ssl-profiles-1.1.2.tgz#157dd77e9f19b1d123678e93f120e6f193022641"
  integrity sha512-NZKeq9AfyQvEeNlN0zSYAaWrmBffJh3IELMZfRpJVWgrpEbtEpnjvzqBPf+mxoI287JohRDoa+/nsfqqiZmF6g==

bowser@^2.11.0:
  version "2.11.0"
  resolved "https://registry.yarnpkg.com/bowser/-/bowser-2.11.0.tgz#5ca3c35757a7aa5771500c70a73a9f91ef420a8f"
  integrity sha512-AlcaJBi/pqqJBIQ8U9Mcpc9i8Aqxn88Skv5d+xBX006BY5u8N3mGLHa5Lgppa7L/HfwgwLgZ6NYs+Ag6uUmJRA==

denque@^2.1.0:
  version "2.1.0"
  resolved "https://registry.yarnpkg.com/denque/-/denque-2.1.0.tgz#e93e1a6569fb5e66f16a3c2a2964617d349d6ab1"
  integrity sha512-HVQE3AAb/pxF8fQAoiqpvg9i3evqug3hoiwakOyZAwJm+6vZehbkYXZ0l4JxS+I3QxM97v5aaRNhj8v5oBhekw==

fast-xml-builder@^1.1.7:
  version "1.2.0"
  resolved "https://registry.yarnpkg.com/fast-xml-builder/-/fast-xml-builder-1.2.0.tgz#abd2363145a7625d9789ad96da375fabe3cff28c"
  integrity sha512-00aAWieqff+ZJhsXA4g1g7M8k+7AYoMUUHF+/zFb5U6Uv/P0Vl4QZo84/IcufzYalLuEj9928bXN9PbbFzMF0Q==
  dependencies:
    path-expression-matcher "^1.5.0"
    xml-naming "^0.1.0"

fast-xml-parser@5.7.3:
  version "5.7.3"
  resolved "https://registry.yarnpkg.com/fast-xml-parser/-/fast-xml-parser-5.7.3.tgz#309b04b08d835defc62ab657a0bb340c0e0fbe6a"
  integrity sha512-C0AaNuC+mscy6vrAQKAc/rMq+zAPHodfHGZu4sGVehvAQt/JLG1O5zEcYcXSY5zSqr4YVgxsB+pHXTq0i7eDlg==
  dependencies:
    "@nodable/entities" "^2.1.0"
    fast-xml-builder "^1.1.7"
    path-expression-matcher "^1.5.0"
    strnum "^2.2.3"

fflate@0.8.1:
  version "0.8.1"
  resolved "https://registry.yarnpkg.com/fflate/-/fflate-0.8.1.tgz#1ed92270674d2ad3c73f077cd0acf26486dae6c9"
  integrity sha512-/exOvEuc+/iaUm105QIiOt4LpBdMTWsXxqR0HDF35vx3fmaKzw7354gTilCh5rkzEt8WYyG//ku3h3nRmd7CHQ==

generate-function@^2.3.1:
  version "2.3.1"
  resolved "https://registry.yarnpkg.com/generate-function/-/generate-function-2.3.1.tgz#f069617690c10c868e73b8465746764f97c3479f"
  integrity sha512-eeB5GfMNeevm/GRYq20ShmsaGcmI81kIX2K9XQx5miC8KdHaC6Jm0qQ8ZNeGOi7wYB8OsdxKs+Y2oVuTFuVwKQ==
  dependencies:
    is-property "^1.0.2"

iconv-lite@^0.7.2:
  version "0.7.2"
  resolved "https://registry.yarnpkg.com/iconv-lite/-/iconv-lite-0.7.2.tgz#d0bdeac3f12b4835b7359c2ad89c422a4d1cc72e"
  integrity sha512-im9DjEDQ55s9fL4EYzOAv0yMqmMBSZp6G0VvFyTMPKWxiSBHUj9NW/qqLmXUwXrrM7AvqSlTCfvqRb0cM8yYqw==
  dependencies:
    safer-buffer ">= 2.1.2 < 3.0.0"

is-property@^1.0.2:
  version "1.0.2"
  resolved "https://registry.yarnpkg.com/is-property/-/is-property-1.0.2.tgz#57fe1c4e48474edd65b09911f26b1cd4095dda84"
  integrity sha512-Ks/IoX00TtClbGQr4TWXemAnktAQvYB7HzcCxDGqEZU6oCmb2INHuOoKxbtR+HFkmYWBKv/dOZtGRiAjDhj92g==

long@^5.3.2:
  version "5.3.2"
  resolved "https://registry.yarnpkg.com/long/-/long-5.3.2.tgz#1d84463095999262d7d7b7f8bfd4a8cc55167f83"
  integrity sha512-mNAgZ1GmyNhD7AuqnTG3/VQ26o760+ZYBPKjPvugO8+nLbYfX6TVpJPseBvopbdY+qpZ/lKUnmEc1LeZYS3QAA==

lru.min@^1.1.0, lru.min@^1.1.4:
  version "1.1.4"
  resolved "https://registry.yarnpkg.com/lru.min/-/lru.min-1.1.4.tgz#6ea1737a8c1ba2300cc87ad46910a4bdffa0117b"
  integrity sha512-DqC6n3QQ77zdFpCMASA1a3Jlb64Hv2N2DciFGkO/4L9+q/IpIAuRlKOvCXabtRW6cQf8usbmM6BE/TOPysCdIA==

mysql2@^3.22.3:
  version "3.22.3"
  resolved "https://registry.yarnpkg.com/mysql2/-/mysql2-3.22.3.tgz#884a36a1171501ef752ba90057dbcde528f322e3"
  integrity sha512-uWWxvZSRvRhtBdh2CdcuK83YcOfPdmEeEYB069bAmPnV93QApDGVPuvCQOLjlh7tYHEWdgQPrn6kosDxHBVLkA==
  dependencies:
    aws-ssl-profiles "^1.1.2"
    denque "^2.1.0"
    generate-function "^2.3.1"
    iconv-lite "^0.7.2"
    long "^5.3.2"
    lru.min "^1.1.4"
    named-placeholders "^1.1.6"
    sql-escaper "^1.3.3"

named-placeholders@^1.1.6:
  version "1.1.6"
  resolved "https://registry.yarnpkg.com/named-placeholders/-/named-placeholders-1.1.6.tgz#c50c6920b43f258f59c16add1e56654f5cc02bb5"
  integrity sha512-Tz09sEL2EEuv5fFowm419c1+a/jSMiBjI9gHxVLrVdbUkkNUUfjsVYs9pVZu5oCon/kmRh9TfLEObFtkVxmY0w==
  dependencies:
    lru.min "^1.1.0"

path-expression-matcher@^1.5.0:
  version "1.5.0"
  resolved "https://registry.yarnpkg.com/path-expression-matcher/-/path-expression-matcher-1.5.0.tgz#3b98545dc88ffebb593e2d8458d0929da9275f4a"
  integrity sha512-cbrerZV+6rvdQrrD+iGMcZFEiiSrbv9Tfdkvnusy6y0x0GKBXREFg/Y65GhIfm0tnLntThhzCnfKwp1WRjeCyQ==

"safer-buffer@>= 2.1.2 < 3.0.0":
  version "2.1.2"
  resolved "https://registry.yarnpkg.com/safer-buffer/-/safer-buffer-2.1.2.tgz#44fa161b0187b9549dd84bb91802f9bd8385cd6a"
  integrity sha512-YZo3K82SD7Riyi0E1EQPojLz7kpepnSQI9IyPbHHg1XXXevb5dJI7tpyN2ADxGcQbHG7vcyRHk0cbwqcQriUtg==

sql-escaper@^1.3.3:
  version "1.3.3"
  resolved "https://registry.yarnpkg.com/sql-escaper/-/sql-escaper-1.3.3.tgz#65faf89f048d26bb9a75566b82b5990ddf8a5b7f"
  integrity sha512-BsTCV265VpTp8tm1wyIm1xqQCS+Q9NHx2Sr+WcnUrgLrQ6yiDIvHYJV5gHxsj1lMBy2zm5twLaZao8Jd+S8JJw==

strnum@^2.2.3:
  version "2.2.3"
  resolved "https://registry.yarnpkg.com/strnum/-/strnum-2.2.3.tgz#0119fce02749a11bb126a4d686ac5dbdf6e57586"
  integrity sha512-oKx6RUCuHfT3oyVjtnrmn19H1SiCqgJSg+54XqURKp5aCMbrXrhLjRN9TjuwMjiYstZ0MzDrHqkGZ5dFTKd+zg==

tslib@^2.6.2:
  version "2.8.1"
  resolved "https://registry.yarnpkg.com/tslib/-/tslib-2.8.1.tgz#612efe4ed235d567e8aba5f2a5fab70280ade83f"
  integrity sha512-oJFu94HQb+KVduSUQL7wnpmqnfmLsOA/nAh6b6EH0wCEoK0/mPeXU6c3wKDV83MkOuHPRHtSXKKU99IBazS/2w==

typescript@*:
  version "6.0.3"
  resolved "https://registry.yarnpkg.com/typescript/-/typescript-6.0.3.tgz#90251dc007916e972786cb94d74d15b185577d21"
  integrity sha512-y2TvuxSZPDyQakkFRPZHKFm+KKVqIisdg9/CZwm9ftvKXLP8NRWj38/ODjNbr43SsoXqNuAisEf1GdCxqWcdBw==

"undici-types@>=7.24.0 <7.24.7":
  version "7.24.6"
  resolved "https://registry.yarnpkg.com/undici-types/-/undici-types-7.24.6.tgz#61275b485d7fd4e9d269c7cf04ec2873c9cc0f91"
  integrity sha512-WRNW+sJgj5OBN4/0JpHFqtqzhpbnV0GuB+OozA9gCL7a993SmU+1JBZCzLNxYsbMfIeDL+lTsphD5jN5N+n0zg==

xml-naming@^0.1.0:
  version "0.1.0"
  resolved "https://registry.yarnpkg.com/xml-naming/-/xml-naming-0.1.0.tgz#8ab7106c5b8d23caa2fabac1cadf17136379fbd8"
  integrity sha512-k8KO9hrMyNk6tUWqUfkTEZbezRRpONVOzUTnc97VnCvyj6Tf9lyUR9EDAIeiVLv56jsMcoXEwjW8Kv5yPY52lw==
